
Microsoft Visual Studio Solution File, Format Version 12.00
# Visual Studio Version 16
VisualStudioVersion = 16.0.30011.22
MinimumVisualStudioVersion = 10.0.40219.1
Project("{9A19103F-16F7-4668-BE54-9A1E7A4F7556}") = "PrismaDB.Benchmark", "src\PrismaDB.Benchmark\PrismaDB.Benchmark.csproj", "{A46B26B0-8D48-4F78-BAD3-E02BB5E8E5D7}"
EndProject
Project("{2150E333-8FDC-42A3-9474-1A3956D46DE8}") = "ci", "ci", "{37584308-8A11-4637-BBB9-95CC005FFEDC}"
	ProjectSection(SolutionItems) = preProject
		ci\build-push.ps1 = ci\build-push.ps1
		ci\docker-compose.yml = ci\docker-compose.yml
		ci\Dockerfile-Benchmark = ci\Dockerfile-Benchmark
		ci\remove.ps1 = ci\remove.ps1
		ci\test.ps1 = ci\test.ps1
	EndProjectSection
EndProject
Project("{2150E333-8FDC-42A3-9474-1A3956D46DE8}") = "Solution Items", "Solution Items", "{842039A5-313D-4087-B48F-2425E45A7D24}"
	ProjectSection(SolutionItems) = preProject
		.gitattributes = .gitattributes
		.gitignore = .gitignore
		Directory.Build.props = Directory.Build.props
		README.md = README.md
	EndProjectSection
EndProject
Project("{2150E333-8FDC-42A3-9474-1A3956D46DE8}") = "github", "github", "{DC892195-E93D-48B2-801A-BED2C0A2A585}"
	ProjectSection(SolutionItems) = preProject
		.github\workflows\release-dotnet-artifacts-docker.yml = .github\workflows\release-dotnet-artifacts-docker.yml
		.github\workflows\test-docker.yml = .github\workflows\test-docker.yml
	EndProjectSection
EndProject
Global
	GlobalSection(SolutionConfigurationPlatforms) = preSolution
		Debug|Any CPU = Debug|Any CPU
		Release|Any CPU = Release|Any CPU
	EndGlobalSection
	GlobalSection(ProjectConfigurationPlatforms) = postSolution
		{A46B26B0-8D48-4F78-BAD3-E02BB5E8E5D7}.Debug|Any CPU.ActiveCfg = Debug|Any CPU
		{A46B26B0-8D48-4F78-BAD3-E02BB5E8E5D7}.Debug|Any CPU.Build.0 = Debug|Any CPU
		{A46B26B0-8D48-4F78-BAD3-E02BB5E8E5D7}.Release|Any CPU.ActiveCfg = Release|Any CPU
		{A46B26B0-8D48-4F78-BAD3-E02BB5E8E5D7}.Release|Any CPU.Build.0 = Release|Any CPU
	EndGlobalSection
	GlobalSection(SolutionProperties) = preSolution
		HideSolutionNode = FALSE
	EndGlobalSection
	GlobalSection(ExtensibilityGlobals) = postSolution
		SolutionGuid = {84EA25EE-2BD0-4034-9A7B-DFC6E7830633}
	EndGlobalSection
EndGlobal
